
Microsoft Visual Studio Solution File, Format Version 12.00
# Visual Studio Version 17
VisualStudioVersion = 17.2.32630.192
MinimumVisualStudioVersion = 10.0.40219.1
Project("{F184B08F-C81C-45F6-A57F-5ABD9991F28F}") = "pruebaprogramacion", "pruebaprogramacion\pruebaprogramacion.vbproj", "{D1750E49-DA4B-4800-9307-379A22EFBC17}"
EndProject
Global
	GlobalSection(SolutionConfigurationPlatforms) = preSolution
		Debug|Any CPU = Debug|Any CPU
		Release|Any CPU = Release|Any CPU
	EndGlobalSection
	GlobalSection(ProjectConfigurationPlatforms) = postSolution
		{D1750E49-DA4B-4800-9307-379A22EFBC17}.Debug|Any CPU.ActiveCfg = Debug|Any CPU
		{D1750E49-DA4B-4800-9307-379A22EFBC17}.Debug|Any CPU.Build.0 = Debug|Any CPU
		{D1750E49-DA4B-4800-9307-379A22EFBC17}.Release|Any CPU.ActiveCfg = Release|Any CPU
		{D1750E49-DA4B-4800-9307-379A22EFBC17}.Release|Any CPU.Build.0 = Release|Any CPU
	EndGlobalSection
	GlobalSection(SolutionProperties) = preSolution
		HideSolutionNode = FALSE
	EndGlobalSection
	GlobalSection(ExtensibilityGlobals) = postSolution
		SolutionGuid = {A5B7B2A1-B678-4495-9764-BB5A539886BC}
	EndGlobalSection
EndGlobal
